
Microsoft Visual Studio Solution File, Format Version 12.00
# Visual Studio Version 16
VisualStudioVersion = 16.0.32602.291
MinimumVisualStudioVersion = 10.0.40219.1
Project("{FAE04EC0-301F-11D3-BF4B-00C04F79EFBC}") = "DesignPrinciples", "DesignPrinciples\DesignPrinciples.csproj", "{31E46500-AD25-4F1D-AB51-7FA64E948D8F}"
EndProject
Global
	GlobalSection(SolutionConfigurationPlatforms) = preSolution
		Debug|Any CPU = Debug|Any CPU
		Release|Any CPU = Release|Any CPU
	EndGlobalSection
	GlobalSection(ProjectConfigurationPlatforms) = postSolution
		{31E46500-AD25-4F1D-AB51-7FA64E948D8F}.Debug|Any CPU.ActiveCfg = Debug|Any CPU
		{31E46500-AD25-4F1D-AB51-7FA64E948D8F}.Debug|Any CPU.Build.0 = Debug|Any CPU
		{31E46500-AD25-4F1D-AB51-7FA64E948D8F}.Release|Any CPU.ActiveCfg = Release|Any CPU
		{31E46500-AD25-4F1D-AB51-7FA64E948D8F}.Release|Any CPU.Build.0 = Release|Any CPU
	EndGlobalSection
	GlobalSection(SolutionProperties) = preSolution
		HideSolutionNode = FALSE
	EndGlobalSection
	GlobalSection(ExtensibilityGlobals) = postSolution
		SolutionGuid = {FB0A7070-39CE-47D8-82D3-79A7413AEB43}
	EndGlobalSection
EndGlobal
